
Microsoft Visual Studio Solution File, Format Version 12.00
# Visual Studio Version 17
VisualStudioVersion = 17.4.33110.190
MinimumVisualStudioVersion = 10.0.40219.1
Project("{FAE04EC0-301F-11D3-BF4B-00C04F79EFBC}") = "LINQExample", "LINQExample\LINQExample.csproj", "{029C7C27-F2C0-49CA-B724-E79084EEB0DA}"
EndProject
Global
	GlobalSection(SolutionConfigurationPlatforms) = preSolution
		Debug|Any CPU = Debug|Any CPU
		Release|Any CPU = Release|Any CPU
	EndGlobalSection
	GlobalSection(ProjectConfigurationPlatforms) = postSolution
		{029C7C27-F2C0-49CA-B724-E79084EEB0DA}.Debug|Any CPU.ActiveCfg = Debug|Any CPU
		{029C7C27-F2C0-49CA-B724-E79084EEB0DA}.Debug|Any CPU.Build.0 = Debug|Any CPU
		{029C7C27-F2C0-49CA-B724-E79084EEB0DA}.Release|Any CPU.ActiveCfg = Release|Any CPU
		{029C7C27-F2C0-49CA-B724-E79084EEB0DA}.Release|Any CPU.Build.0 = Release|Any CPU
	EndGlobalSection
	GlobalSection(SolutionProperties) = preSolution
		HideSolutionNode = FALSE
	EndGlobalSection
	GlobalSection(ExtensibilityGlobals) = postSolution
		SolutionGuid = {5C0F5FE5-2FBC-4825-A890-705640700A7D}
	EndGlobalSection
EndGlobal
